
Microsoft Visual Studio Solution File, Format Version 12.00
# Visual Studio Version 17
VisualStudioVersion = 17.14.36221.1 d17.14
MinimumVisualStudioVersion = 10.0.40219.1
Project("{FAE04EC0-301F-11D3-BF4B-00C04F79EFBC}") = "morseCodeDecoder", "morseCodeDecoder\morseCodeDecoder.csproj", "{9AB477F5-08CB-4408-934A-2BD26E3AA47B}"
EndProject
Global
	GlobalSection(SolutionConfigurationPlatforms) = preSolution
		Debug|Any CPU = Debug|Any CPU
		Release|Any CPU = Release|Any CPU
	EndGlobalSection
	GlobalSection(ProjectConfigurationPlatforms) = postSolution
		{9AB477F5-08CB-4408-934A-2BD26E3AA47B}.Debug|Any CPU.ActiveCfg = Debug|Any CPU
		{9AB477F5-08CB-4408-934A-2BD26E3AA47B}.Debug|Any CPU.Build.0 = Debug|Any CPU
		{9AB477F5-08CB-4408-934A-2BD26E3AA47B}.Release|Any CPU.ActiveCfg = Release|Any CPU
		{9AB477F5-08CB-4408-934A-2BD26E3AA47B}.Release|Any CPU.Build.0 = Release|Any CPU
	EndGlobalSection
	GlobalSection(SolutionProperties) = preSolution
		HideSolutionNode = FALSE
	EndGlobalSection
	GlobalSection(ExtensibilityGlobals) = postSolution
		SolutionGuid = {12979A34-01F1-402F-997B-C8115D4C16D3}
	EndGlobalSection
EndGlobal
